
Microsoft Visual Studio Solution File, Format Version 12.00
# Visual Studio Version 17
VisualStudioVersion = 17.14.36121.58 d17.14
MinimumVisualStudioVersion = 10.0.40219.1
Project("{FAE04EC0-301F-11D3-BF4B-00C04F79EFBC}") = "LINQ", "LINQ\LINQ.csproj", "{F126A248-ACDC-4199-AD23-477A2384F181}"
EndProject
Global
	GlobalSection(SolutionConfigurationPlatforms) = preSolution
		Debug|Any CPU = Debug|Any CPU
		Release|Any CPU = Release|Any CPU
	EndGlobalSection
	GlobalSection(ProjectConfigurationPlatforms) = postSolution
		{F126A248-ACDC-4199-AD23-477A2384F181}.Debug|Any CPU.ActiveCfg = Debug|Any CPU
		{F126A248-ACDC-4199-AD23-477A2384F181}.Debug|Any CPU.Build.0 = Debug|Any CPU
		{F126A248-ACDC-4199-AD23-477A2384F181}.Release|Any CPU.ActiveCfg = Release|Any CPU
		{F126A248-ACDC-4199-AD23-477A2384F181}.Release|Any CPU.Build.0 = Release|Any CPU
	EndGlobalSection
	GlobalSection(SolutionProperties) = preSolution
		HideSolutionNode = FALSE
	EndGlobalSection
	GlobalSection(ExtensibilityGlobals) = postSolution
		SolutionGuid = {6C5583EF-4119-42BA-B69E-01A944D4F8C5}
	EndGlobalSection
EndGlobal
